
Microsoft Visual Studio Solution File, Format Version 12.00
# Visual Studio Version 16
VisualStudioVersion = 25.0.1704.0
MinimumVisualStudioVersion = 10.0.40219.1
Project("{FAE04EC0-301F-11D3-BF4B-00C04F79EFBC}") = "Vika_Automate", "Vika_Automate\Vika_Automate.csproj", "{C51FFADC-AF05-464B-9796-931CF11AA456}"
EndProject
Global
	GlobalSection(SolutionConfigurationPlatforms) = preSolution
		Debug|Any CPU = Debug|Any CPU
		Release|Any CPU = Release|Any CPU
	EndGlobalSection
	GlobalSection(ProjectConfigurationPlatforms) = postSolution
		{C51FFADC-AF05-464B-9796-931CF11AA456}.Debug|Any CPU.ActiveCfg = Debug|Any CPU
		{C51FFADC-AF05-464B-9796-931CF11AA456}.Debug|Any CPU.Build.0 = Debug|Any CPU
		{C51FFADC-AF05-464B-9796-931CF11AA456}.Release|Any CPU.ActiveCfg = Release|Any CPU
		{C51FFADC-AF05-464B-9796-931CF11AA456}.Release|Any CPU.Build.0 = Release|Any CPU
	EndGlobalSection
	GlobalSection(SolutionProperties) = preSolution
		HideSolutionNode = FALSE
	EndGlobalSection
	GlobalSection(ExtensibilityGlobals) = postSolution
		SolutionGuid = {A28DA2AD-F1A8-4BD3-84CA-053441323E4D}
	EndGlobalSection
EndGlobal
